
Microsoft Visual Studio Solution File, Format Version 12.00
# Visual Studio Version 16
VisualStudioVersion = 16.0.29403.142
MinimumVisualStudioVersion = 10.0.40219.1
Project("{9A19103F-16F7-4668-BE54-9A1E7A4F7556}") = "l4", "l4.csproj", "{1491D0CC-245E-4D07-B11A-58B7011593F8}"
EndProject
Project("{FAE04EC0-301F-11D3-BF4B-00C04F79EFBC}") = "UnitTestProject1", "UnitTestProject1\UnitTestProject1.csproj", "{EC8517D2-17E2-46FB-A37E-C47C27D6076B}"
EndProject
Global
	GlobalSection(SolutionConfigurationPlatforms) = preSolution
		Debug|Any CPU = Debug|Any CPU
		Release|Any CPU = Release|Any CPU
	EndGlobalSection
	GlobalSection(ProjectConfigurationPlatforms) = postSolution
		{1491D0CC-245E-4D07-B11A-58B7011593F8}.Debug|Any CPU.ActiveCfg = Debug|Any CPU
		{1491D0CC-245E-4D07-B11A-58B7011593F8}.Debug|Any CPU.Build.0 = Debug|Any CPU
		{1491D0CC-245E-4D07-B11A-58B7011593F8}.Release|Any CPU.ActiveCfg = Release|Any CPU
		{1491D0CC-245E-4D07-B11A-58B7011593F8}.Release|Any CPU.Build.0 = Release|Any CPU
		{EC8517D2-17E2-46FB-A37E-C47C27D6076B}.Debug|Any CPU.ActiveCfg = Debug|Any CPU
		{EC8517D2-17E2-46FB-A37E-C47C27D6076B}.Debug|Any CPU.Build.0 = Debug|Any CPU
		{EC8517D2-17E2-46FB-A37E-C47C27D6076B}.Release|Any CPU.ActiveCfg = Release|Any CPU
		{EC8517D2-17E2-46FB-A37E-C47C27D6076B}.Release|Any CPU.Build.0 = Release|Any CPU
	EndGlobalSection
	GlobalSection(SolutionProperties) = preSolution
		HideSolutionNode = FALSE
	EndGlobalSection
	GlobalSection(ExtensibilityGlobals) = postSolution
		SolutionGuid = {6309EF08-6B73-409F-B542-891F7E1074D9}
	EndGlobalSection
EndGlobal
